{
  "requires": true,
  "lockfileVersion": 1,
  "dependencies": {
    "acorn": {
      "version": "5.7.3",
      "resolved": "https://registry.npmjs.org/acorn/-/acorn-5.7.3.tgz",
      "integrity": "sha512-T/zvzYRfbVojPWahDsE5evJdHb3oJoQfFbsrKM7w5Zcs++Tr257tia3BmMP8XYVjp1S9RZXQMh7gao96BlqZOw=="
    },
    "gl-wiretap": {
      "version": "0.6.0",
      "resolved": "https://registry.npmjs.org/gl-wiretap/-/gl-wiretap-0.6.0.tgz",
      "integrity": "sha512-QmkkieSYcPy3vTAP6faQp6TkgrtC+fIF/L85HEH+kajIr5zbgx2dr9wkk4PMzea3kBsgB1pZ0MuGHaDn76qHdA=="
    },
    "gpu-mock.js": {
      "version": "1.1.0",
      "resolved": "https://registry.npmjs.org/gpu-mock.js/-/gpu-mock.js-1.1.0.tgz",
      "integrity": "sha512-kDMvQ04qIqbrpGyYCShx8NhZYMiolb1XUkjnJn92/jcMsxjcPF7KFfDMJEg0VUwxVJzD4djzJNWbmJCs00YEVg=="
    },
    "thaw.js": {
      "version": "2.0.0",
      "resolved": "https://registry.npmjs.org/thaw.js/-/thaw.js-2.0.0.tgz",
      "integrity": "sha1-RSvF1+4s4bb5IDewW1BsvWVikdA="
    }
  }
}
